
Microsoft Visual Studio Solution File, Format Version 12.00
# Visual Studio 15
VisualStudioVersion = 15.0.28307.539
MinimumVisualStudioVersion = 10.0.40219.1
Project("{2150E333-8FDC-42A3-9474-1A3956D46DE8}") = "ApplicationTier", "ApplicationTier", "{59BBA633-5171-4962-B547-87A9D1989739}"
EndProject
Project("{2150E333-8FDC-42A3-9474-1A3956D46DE8}") = "PresentationTier", "PresentationTier", "{6A83A508-58B9-4415-AF7E-F4394B09A279}"
EndProject
Project("{2150E333-8FDC-42A3-9474-1A3956D46DE8}") = "CommonLayer", "CommonLayer", "{E103F6F0-7A94-4130-9923-88276D16AD48}"
EndProject
Project("{2150E333-8FDC-42A3-9474-1A3956D46DE8}") = "DataLayer", "DataLayer", "{8CD3DEE7-681C-467D-BFCC-33F2D0364D2F}"
EndProject
Project("{2150E333-8FDC-42A3-9474-1A3956D46DE8}") = "BusinessLayer", "BusinessLayer", "{C1933165-8BAB-4770-9661-0D2259734CCF}"
EndProject
Project("{FAE04EC0-301F-11D3-BF4B-00C04F79EFBC}") = "Assesment.Inventory", "PresentationTier\Assesment.Inventory\Assesment.Inventory.csproj", "{43A5620F-994B-4349-B0BD-372ABAF2EA3E}"
EndProject
Project("{FAE04EC0-301F-11D3-BF4B-00C04F79EFBC}") = "Assesment.Inventory.Core", "ApplicationTier\BusinessLayer\Assesment.Inventory.Core\Assesment.Inventory.Core.csproj", "{331546A5-59CB-44D7-92BE-6B22976BF64D}"
EndProject
Project("{FAE04EC0-301F-11D3-BF4B-00C04F79EFBC}") = "Assesment.Inventory.Common.Model", "ApplicationTier\CommonLayer\Assesment.Inventory.Common.Model\Assesment.Inventory.Common.Model.csproj", "{3BE23F5C-04CA-419F-8BE2-0B3B72E896C8}"
EndProject
Project("{FAE04EC0-301F-11D3-BF4B-00C04F79EFBC}") = "Assesment.Inventory.Common.Util", "ApplicationTier\CommonLayer\Assesment.Inventory.Common.Util\Assesment.Inventory.Common.Util.csproj", "{AB2534AA-7FCE-4725-944E-C88BBEE556E7}"
EndProject
Project("{FAE04EC0-301F-11D3-BF4B-00C04F79EFBC}") = "Assesment.Inventory.Common.Ioc", "ApplicationTier\CommonLayer\Assesment.Inventory.Common.Ioc\Assesment.Inventory.Common.Ioc.csproj", "{12DEB2E0-7B19-4ED9-B79F-3F131136C991}"
EndProject
Project("{FAE04EC0-301F-11D3-BF4B-00C04F79EFBC}") = "Assesment.Inventory.Data.EntityManager", "ApplicationTier\DataLayer\Assesment.Inventory.Data.EntityManager\Assesment.Inventory.Data.EntityManager.csproj", "{FA6C4E37-EE35-4912-97E4-A5D9E40DCE14}"
EndProject
Project("{FAE04EC0-301F-11D3-BF4B-00C04F79EFBC}") = "Assesment.Inventory.Data.Model", "ApplicationTier\DataLayer\Assesment.Inventory.Data.Model\Assesment.Inventory.Data.Model.csproj", "{58FC8C1B-EFE6-45E4-9556-1E12A78C3FC9}"
EndProject
Project("{FAE04EC0-301F-11D3-BF4B-00C04F79EFBC}") = "Assesment.Inventory.Core.API", "ApplicationTier\BusinessLayer\Assesment.Inventory.Core.API\Assesment.Inventory.Core.API.csproj", "{AF12DE29-FF1B-4F55-B831-7DCAA21E9288}"
EndProject
Global
	GlobalSection(SolutionConfigurationPlatforms) = preSolution
		Debug|Any CPU = Debug|Any CPU
		Release|Any CPU = Release|Any CPU
	EndGlobalSection
	GlobalSection(ProjectConfigurationPlatforms) = postSolution
		{43A5620F-994B-4349-B0BD-372ABAF2EA3E}.Debug|Any CPU.ActiveCfg = Debug|Any CPU
		{43A5620F-994B-4349-B0BD-372ABAF2EA3E}.Debug|Any CPU.Build.0 = Debug|Any CPU
		{43A5620F-994B-4349-B0BD-372ABAF2EA3E}.Release|Any CPU.ActiveCfg = Release|Any CPU
		{43A5620F-994B-4349-B0BD-372ABAF2EA3E}.Release|Any CPU.Build.0 = Release|Any CPU
		{331546A5-59CB-44D7-92BE-6B22976BF64D}.Debug|Any CPU.ActiveCfg = Debug|Any CPU
		{331546A5-59CB-44D7-92BE-6B22976BF64D}.Debug|Any CPU.Build.0 = Debug|Any CPU
		{331546A5-59CB-44D7-92BE-6B22976BF64D}.Release|Any CPU.ActiveCfg = Release|Any CPU
		{331546A5-59CB-44D7-92BE-6B22976BF64D}.Release|Any CPU.Build.0 = Release|Any CPU
		{3BE23F5C-04CA-419F-8BE2-0B3B72E896C8}.Debug|Any CPU.ActiveCfg = Debug|Any CPU
		{3BE23F5C-04CA-419F-8BE2-0B3B72E896C8}.Debug|Any CPU.Build.0 = Debug|Any CPU
		{3BE23F5C-04CA-419F-8BE2-0B3B72E896C8}.Release|Any CPU.ActiveCfg = Release|Any CPU
		{3BE23F5C-04CA-419F-8BE2-0B3B72E896C8}.Release|Any CPU.Build.0 = Release|Any CPU
		{AB2534AA-7FCE-4725-944E-C88BBEE556E7}.Debug|Any CPU.ActiveCfg = Debug|Any CPU
		{AB2534AA-7FCE-4725-944E-C88BBEE556E7}.Debug|Any CPU.Build.0 = Debug|Any CPU
		{AB2534AA-7FCE-4725-944E-C88BBEE556E7}.Release|Any CPU.ActiveCfg = Release|Any CPU
		{AB2534AA-7FCE-4725-944E-C88BBEE556E7}.Release|Any CPU.Build.0 = Release|Any CPU
		{12DEB2E0-7B19-4ED9-B79F-3F131136C991}.Debug|Any CPU.ActiveCfg = Debug|Any CPU
		{12DEB2E0-7B19-4ED9-B79F-3F131136C991}.Debug|Any CPU.Build.0 = Debug|Any CPU
		{12DEB2E0-7B19-4ED9-B79F-3F131136C991}.Release|Any CPU.ActiveCfg = Release|Any CPU
		{12DEB2E0-7B19-4ED9-B79F-3F131136C991}.Release|Any CPU.Build.0 = Release|Any CPU
		{FA6C4E37-EE35-4912-97E4-A5D9E40DCE14}.Debug|Any CPU.ActiveCfg = Debug|Any CPU
		{FA6C4E37-EE35-4912-97E4-A5D9E40DCE14}.Debug|Any CPU.Build.0 = Debug|Any CPU
		{FA6C4E37-EE35-4912-97E4-A5D9E40DCE14}.Release|Any CPU.ActiveCfg = Release|Any CPU
		{FA6C4E37-EE35-4912-97E4-A5D9E40DCE14}.Release|Any CPU.Build.0 = Release|Any CPU
		{58FC8C1B-EFE6-45E4-9556-1E12A78C3FC9}.Debug|Any CPU.ActiveCfg = Debug|Any CPU
		{58FC8C1B-EFE6-45E4-9556-1E12A78C3FC9}.Debug|Any CPU.Build.0 = Debug|Any CPU
		{58FC8C1B-EFE6-45E4-9556-1E12A78C3FC9}.Release|Any CPU.ActiveCfg = Release|Any CPU
		{58FC8C1B-EFE6-45E4-9556-1E12A78C3FC9}.Release|Any CPU.Build.0 = Release|Any CPU
		{AF12DE29-FF1B-4F55-B831-7DCAA21E9288}.Debug|Any CPU.ActiveCfg = Debug|Any CPU
		{AF12DE29-FF1B-4F55-B831-7DCAA21E9288}.Debug|Any CPU.Build.0 = Debug|Any CPU
		{AF12DE29-FF1B-4F55-B831-7DCAA21E9288}.Release|Any CPU.ActiveCfg = Release|Any CPU
		{AF12DE29-FF1B-4F55-B831-7DCAA21E9288}.Release|Any CPU.Build.0 = Release|Any CPU
	EndGlobalSection
	GlobalSection(SolutionProperties) = preSolution
		HideSolutionNode = FALSE
	EndGlobalSection
	GlobalSection(NestedProjects) = preSolution
		{E103F6F0-7A94-4130-9923-88276D16AD48} = {59BBA633-5171-4962-B547-87A9D1989739}
		{8CD3DEE7-681C-467D-BFCC-33F2D0364D2F} = {59BBA633-5171-4962-B547-87A9D1989739}
		{C1933165-8BAB-4770-9661-0D2259734CCF} = {59BBA633-5171-4962-B547-87A9D1989739}
		{43A5620F-994B-4349-B0BD-372ABAF2EA3E} = {6A83A508-58B9-4415-AF7E-F4394B09A279}
		{331546A5-59CB-44D7-92BE-6B22976BF64D} = {C1933165-8BAB-4770-9661-0D2259734CCF}
		{3BE23F5C-04CA-419F-8BE2-0B3B72E896C8} = {E103F6F0-7A94-4130-9923-88276D16AD48}
		{AB2534AA-7FCE-4725-944E-C88BBEE556E7} = {E103F6F0-7A94-4130-9923-88276D16AD48}
		{12DEB2E0-7B19-4ED9-B79F-3F131136C991} = {E103F6F0-7A94-4130-9923-88276D16AD48}
		{FA6C4E37-EE35-4912-97E4-A5D9E40DCE14} = {8CD3DEE7-681C-467D-BFCC-33F2D0364D2F}
		{58FC8C1B-EFE6-45E4-9556-1E12A78C3FC9} = {8CD3DEE7-681C-467D-BFCC-33F2D0364D2F}
		{AF12DE29-FF1B-4F55-B831-7DCAA21E9288} = {C1933165-8BAB-4770-9661-0D2259734CCF}
	EndGlobalSection
	GlobalSection(ExtensibilityGlobals) = postSolution
		SolutionGuid = {5F6B6828-82F4-4B85-BC83-899A842A0B40}
	EndGlobalSection
EndGlobal
